// !$*UTF8*$!
{
	archiveVersion = 1;
	classes = {
	};
	objectVersion = 56;
	objects = {

/* Begin PBXBuildFile section */
		BA7EBE432FC1AAE700F9EAD9 /* AppDelegate.swift in Sources */ = {isa = PBXBuildFile; fileRef = BA7EBE422FC1AAE700F9EAD9 /* AppDelegate.swift */; };
		BA7EBE452FC1AAE700F9EAD9 /* SceneDelegate.swift in Sources */ = {isa = PBXBuildFile; fileRef = BA7EBE442FC1AAE700F9EAD9 /* SceneDelegate.swift */; };
		BA7EBE472FC1AAE700F9EAD9 /* ViewController.swift in Sources */ = {isa = PBXBuildFile; fileRef = BA7EBE462FC1AAE700F9EAD9 /* ViewController.swift */; };
		BA7EBE4A2FC1AAE700F9EAD9 /* Main.storyboard in Resources */ = {isa = PBXBuildFile; fileRef = BA7EBE482FC1AAE700F9EAD9 /* Main.storyboard */; };
		BA7EBE4D2FC1AAE700F9EAD9 /* RX_Lab5.xcdatamodeld in Sources */ = {isa = PBXBuildFile; fileRef = BA7EBE4B2FC1AAE700F9EAD9 /* RX_Lab5.xcdatamodeld */; };
		BA7EBE4F2FC1AAE900F9EAD9 /* Assets.xcassets in Resources */ = {isa = PBXBuildFile; fileRef = BA7EBE4E2FC1AAE900F9EAD9 /* Assets.xcassets */; };
		BA7EBE522FC1AAE900F9EAD9 /* LaunchScreen.storyboard in Resources */ = {isa = PBXBuildFile; fileRef = BA7EBE502FC1AAE900F9EAD9 /* LaunchScreen.storyboard */; };
		BA7EBE5D2FC1AAE900F9EAD9 /* RX_Lab5Tests.swift in Sources */ = {isa = PBXBuildFile; fileRef = BA7EBE5C2FC1AAE900F9EAD9 /* RX_Lab5Tests.swift */; };
		BA7EBE672FC1AAE900F9EAD9 /* RX_Lab5UITests.swift in Sources */ = {isa = PBXBuildFile; fileRef = BA7EBE662FC1AAE900F9EAD9 /* RX_Lab5UITests.swift */; };
		BA7EBE692FC1AAE900F9EAD9 /* RX_Lab5UITestsLaunchTests.swift in Sources */ = {isa = PBXBuildFile; fileRef = BA7EBE682FC1AAE900F9EAD9 /* RX_Lab5UITestsLaunchTests.swift */; };
/* End PBXBuildFile section */

/* Begin PBXContainerItemProxy section */
		BA7EBE592FC1AAE900F9EAD9 /* PBXContainerItemProxy */ = {
			isa = PBXContainerItemProxy;
			containerPortal = BA7EBE372FC1AAE700F9EAD9 /* Project object */;
			proxyType = 1;
			remoteGlobalIDString = BA7EBE3E2FC1AAE700F9EAD9;
			remoteInfo = "RX-Lab5";
		};
		BA7EBE632FC1AAE900F9EAD9 /* PBXContainerItemProxy */ = {
			isa = PBXContainerItemProxy;
			containerPortal = BA7EBE372FC1AAE700F9EAD9 /* Project object */;
			proxyType = 1;
			remoteGlobalIDString = BA7EBE3E2FC1AAE700F9EAD9;
			remoteInfo = "RX-Lab5";
		};
/* End PBXContainerItemProxy section */

/* Begin PBXFileReference section */
		BA7EBE3F2FC1AAE700F9EAD9 /* RX-Lab5.app */ = {isa = PBXFileReference; explicitFileType = wrapper.application; includeInIndex = 0; path = "RX-Lab5.app"; sourceTree = BUILT_PRODUCTS_DIR; };
		BA7EBE422FC1AAE700F9EAD9 /* AppDelegate.swift */ = {isa = PBXFileReference; lastKnownFileType = sourcecode.swift; path = AppDelegate.swift; sourceTree = "<group>"; };
		BA7EBE442FC1AAE700F9EAD9 /* SceneDelegate.swift */ = {isa = PBXFileReference; lastKnownFileType = sourcecode.swift; path = SceneDelegate.swift; sourceTree = "<group>"; };
		BA7EBE462FC1AAE700F9EAD9 /* ViewController.swift */ = {isa = PBXFileReference; lastKnownFileType = sourcecode.swift; path = ViewController.swift; sourceTree = "<group>"; };
		BA7EBE492FC1AAE700F9EAD9 /* Base */ = {isa = PBXFileReference; lastKnownFileType = file.storyboard; name = Base; path = Base.lproj/Main.storyboard; sourceTree = "<group>"; };
		BA7EBE4C2FC1AAE700F9EAD9 /* RX_Lab5.xcdatamodel */ = {isa = PBXFileReference; lastKnownFileType = wrapper.xcdatamodel; path = RX_Lab5.xcdatamodel; sourceTree = "<group>"; };
		BA7EBE4E2FC1AAE900F9EAD9 /* Assets.xcassets */ = {isa = PBXFileReference; lastKnownFileType = folder.assetcatalog; path = Assets.xcassets; sourceTree = "<group>"; };
		BA7EBE512FC1AAE900F9EAD9 /* Base */ = {isa = PBXFileReference; lastKnownFileType = file.storyboard; name = Base; path = Base.lproj/LaunchScreen.storyboard; sourceTree = "<group>"; };
		BA7EBE532FC1AAE900F9EAD9 /* Info.plist */ = {isa = PBXFileReference; lastKnownFileType = text.plist.xml; path = Info.plist; sourceTree = "<group>"; };
		BA7EBE582FC1AAE900F9EAD9 /* RX-Lab5Tests.xctest */ = {isa = PBXFileReference; explicitFileType = wrapper.cfbundle; includeInIndex = 0; path = "RX-Lab5Tests.xctest"; sourceTree = BUILT_PRODUCTS_DIR; };
		BA7EBE5C2FC1AAE900F9EAD9 /* RX_Lab5Tests.swift */ = {isa = PBXFileReference; lastKnownFileType = sourcecode.swift; path = RX_Lab5Tests.swift; sourceTree = "<group>"; };
		BA7EBE622FC1AAE900F9EAD9 /* RX-Lab5UITests.xctest */ = {isa = PBXFileReference; explicitFileType = wrapper.cfbundle; includeInIndex = 0; path = "RX-Lab5UITests.xctest"; sourceTree = BUILT_PRODUCTS_DIR; };
		BA7EBE662FC1AAE900F9EAD9 /* RX_Lab5UITests.swift */ = {isa = PBXFileReference; lastKnownFileType = sourcecode.swift; path = RX_Lab5UITests.swift; sourceTree = "<group>"; };
		BA7EBE682FC1AAE900F9EAD9 /* RX_Lab5UITestsLaunchTests.swift */ = {isa = PBXFileReference; lastKnownFileType = sourcecode.swift; path = RX_Lab5UITestsLaunchTests.swift; sourceTree = "<group>"; };
/* End PBXFileReference section */

/* Begin PBXFrameworksBuildPhase section */
		BA7EBE3C2FC1AAE700F9EAD9 /* Frameworks */ = {
			isa = PBXFrameworksBuildPhase;
			buildActionMask = 2147483647;
			files = (
			);
			runOnlyForDeploymentPostprocessing = 0;
		};
		BA7EBE552FC1AAE900F9EAD9 /* Frameworks */ = {
			isa = PBXFrameworksBuildPhase;
			buildActionMask = 2147483647;
			files = (
			);
			runOnlyForDeploymentPostprocessing = 0;
		};
		BA7EBE5F2FC1AAE900F9EAD9 /* Frameworks */ = {
			isa = PBXFrameworksBuildPhase;
			buildActionMask = 2147483647;
			files = (
			);
			runOnlyForDeploymentPostprocessing = 0;
		};
/* End PBXFrameworksBuildPhase section */

/* Begin PBXGroup section */
		BA7EBE362FC1AAE700F9EAD9 = {
			isa = PBXGroup;
			children = (
				BA7EBE412FC1AAE700F9EAD9 /* RX-Lab5 */,
				BA7EBE5B2FC1AAE900F9EAD9 /* RX-Lab5Tests */,
				BA7EBE652FC1AAE900F9EAD9 /* RX-Lab5UITests */,
				BA7EBE402FC1AAE700F9EAD9 /* Products */,
			);
			sourceTree = "<group>";
		};
		BA7EBE402FC1AAE700F9EAD9 /* Products */ = {
			isa = PBXGroup;
			children = (
				BA7EBE3F2FC1AAE700F9EAD9 /* RX-Lab5.app */,
				BA7EBE582FC1AAE900F9EAD9 /* RX-Lab5Tests.xctest */,
				BA7EBE622FC1AAE900F9EAD9 /* RX-Lab5UITests.xctest */,
			);
			name = Products;
			sourceTree = "<group>";
		};
		BA7EBE412FC1AAE700F9EAD9 /* RX-Lab5 */ = {
			isa = PBXGroup;
			children = (
				BA7EBE422FC1AAE700F9EAD9 /* AppDelegate.swift */,
				BA7EBE442FC1AAE700F9EAD9 /* SceneDelegate.swift */,
				BA7EBE462FC1AAE700F9EAD9 /* ViewController.swift */,
				BA7EBE482FC1AAE700F9EAD9 /* Main.storyboard */,
				BA7EBE4E2FC1AAE900F9EAD9 /* Assets.xcassets */,
				BA7EBE502FC1AAE900F9EAD9 /* LaunchScreen.storyboard */,
				BA7EBE532FC1AAE900F9EAD9 /* Info.plist */,
				BA7EBE4B2FC1AAE700F9EAD9 /* RX_Lab5.xcdatamodeld */,
			);
			path = "RX-Lab5";
			sourceTree = "<group>";
		};
		BA7EBE5B2FC1AAE900F9EAD9 /* RX-Lab5Tests */ = {
			isa = PBXGroup;
			children = (
				BA7EBE5C2FC1AAE900F9EAD9 /* RX_Lab5Tests.swift */,
			);
			path = "RX-Lab5Tests";
			sourceTree = "<group>";
		};
		BA7EBE652FC1AAE900F9EAD9 /* RX-Lab5UITests */ = {
			isa = PBXGroup;
			children = (
				BA7EBE662FC1AAE900F9EAD9 /* RX_Lab5UITests.swift */,
				BA7EBE682FC1AAE900F9EAD9 /* RX_Lab5UITestsLaunchTests.swift */,
			);
			path = "RX-Lab5UITests";
			sourceTree = "<group>";
		};
/* End PBXGroup section */

/* Begin PBXNativeTarget section */
		BA7EBE3E2FC1AAE700F9EAD9 /* RX-Lab5 */ = {
			isa = PBXNativeTarget;
			buildConfigurationList = BA7EBE6C2FC1AAE900F9EAD9 /* Build configuration list for PBXNativeTarget "RX-Lab5" */;
			buildPhases = (
				BA7EBE3B2FC1AAE700F9EAD9 /* Sources */,
				BA7EBE3C2FC1AAE700F9EAD9 /* Frameworks */,
				BA7EBE3D2FC1AAE700F9EAD9 /* Resources */,
			);
			buildRules = (
			);
			dependencies = (
			);
			name = "RX-Lab5";
			productName = "RX-Lab5";
			productReference = BA7EBE3F2FC1AAE700F9EAD9 /* RX-Lab5.app */;
			productType = "com.apple.product-type.application";
		};
		BA7EBE572FC1AAE900F9EAD9 /* RX-Lab5Tests */ = {
			isa = PBXNativeTarget;
			buildConfigurationList = BA7EBE6F2FC1AAE900F9EAD9 /* Build configuration list for PBXNativeTarget "RX-Lab5Tests" */;
			buildPhases = (
				BA7EBE542FC1AAE900F9EAD9 /* Sources */,
				BA7EBE552FC1AAE900F9EAD9 /* Frameworks */,
				BA7EBE562FC1AAE900F9EAD9 /* Resources */,
			);
			buildRules = (
			);
			dependencies = (
				BA7EBE5A2FC1AAE900F9EAD9 /* PBXTargetDependency */,
			);
			name = "RX-Lab5Tests";
			productName = "RX-Lab5Tests";
			productReference = BA7EBE582FC1AAE900F9EAD9 /* RX-Lab5Tests.xctest */;
			productType = "com.apple.product-type.bundle.unit-test";
		};
		BA7EBE612FC1AAE900F9EAD9 /* RX-Lab5UITests */ = {
			isa = PBXNativeTarget;
			buildConfigurationList = BA7EBE722FC1AAE900F9EAD9 /* Build configuration list for PBXNativeTarget "RX-Lab5UITests" */;
			buildPhases = (
				BA7EBE5E2FC1AAE900F9EAD9 /* Sources */,
				BA7EBE5F2FC1AAE900F9EAD9 /* Frameworks */,
				BA7EBE602FC1AAE900F9EAD9 /* Resources */,
			);
			buildRules = (
			);
			dependencies = (
				BA7EBE642FC1AAE900F9EAD9 /* PBXTargetDependency */,
			);
			name = "RX-Lab5UITests";
			productName = "RX-Lab5UITests";
			productReference = BA7EBE622FC1AAE900F9EAD9 /* RX-Lab5UITests.xctest */;
			productType = "com.apple.product-type.bundle.ui-testing";
		};
/* End PBXNativeTarget section */

/* Begin PBXProject section */
		BA7EBE372FC1AAE700F9EAD9 /* Project object */ = {
			isa = PBXProject;
			attributes = {
				BuildIndependentTargetsInParallel = 1;
				LastSwiftUpdateCheck = 1430;
				LastUpgradeCheck = 1430;
				TargetAttributes = {
					BA7EBE3E2FC1AAE700F9EAD9 = {
						CreatedOnToolsVersion = 14.3;
					};
					BA7EBE572FC1AAE900F9EAD9 = {
						CreatedOnToolsVersion = 14.3;
						TestTargetID = BA7EBE3E2FC1AAE700F9EAD9;
					};
					BA7EBE612FC1AAE900F9EAD9 = {
						CreatedOnToolsVersion = 14.3;
						TestTargetID = BA7EBE3E2FC1AAE700F9EAD9;
					};
				};
			};
			buildConfigurationList = BA7EBE3A2FC1AAE700F9EAD9 /* Build configuration list for PBXProject "RX-Lab5" */;
			compatibilityVersion = "Xcode 14.0";
			developmentRegion = en;
			hasScannedForEncodings = 0;
			knownRegions = (
				en,
				Base,
			);
			mainGroup = BA7EBE362FC1AAE700F9EAD9;
			productRefGroup = BA7EBE402FC1AAE700F9EAD9 /* Products */;
			projectDirPath = "";
			projectRoot = "";
			targets = (
				BA7EBE3E2FC1AAE700F9EAD9 /* RX-Lab5 */,
				BA7EBE572FC1AAE900F9EAD9 /* RX-Lab5Tests */,
				BA7EBE612FC1AAE900F9EAD9 /* RX-Lab5UITests */,
			);
		};
/* End PBXProject section */

/* Begin PBXResourcesBuildPhase section */
		BA7EBE3D2FC1AAE700F9EAD9 /* Resources */ = {
			isa = PBXResourcesBuildPhase;
			buildActionMask = 2147483647;
			files = (
				BA7EBE522FC1AAE900F9EAD9 /* LaunchScreen.storyboard in Resources */,
				BA7EBE4F2FC1AAE900F9EAD9 /* Assets.xcassets in Resources */,
				BA7EBE4A2FC1AAE700F9EAD9 /* Main.storyboard in Resources */,
			);
			runOnlyForDeploymentPostprocessing = 0;
		};
		BA7EBE562FC1AAE900F9EAD9 /* Resources */ = {
			isa = PBXResourcesBuildPhase;
			buildActionMask = 2147483647;
			files = (
			);
			runOnlyForDeploymentPostprocessing = 0;
		};
		BA7EBE602FC1AAE900F9EAD9 /* Resources */ = {
			isa = PBXResourcesBuildPhase;
			buildActionMask = 2147483647;
			files = (
			);
			runOnlyForDeploymentPostprocessing = 0;
		};
/* End PBXResourcesBuildPhase section */

/* Begin PBXSourcesBuildPhase section */
		BA7EBE3B2FC1AAE700F9EAD9 /* Sources */ = {
			isa = PBXSourcesBuildPhase;
			buildActionMask = 2147483647;
			files = (
				BA7EBE472FC1AAE700F9EAD9 /* ViewController.swift in Sources */,
				BA7EBE4D2FC1AAE700F9EAD9 /* RX_Lab5.xcdatamodeld in Sources */,
				BA7EBE432FC1AAE700F9EAD9 /* AppDelegate.swift in Sources */,
				BA7EBE452FC1AAE700F9EAD9 /* SceneDelegate.swift in Sources */,
			);
			runOnlyForDeploymentPostprocessing = 0;
		};
		BA7EBE542FC1AAE900F9EAD9 /* Sources */ = {
			isa = PBXSourcesBuildPhase;
			buildActionMask = 2147483647;
			files = (
				BA7EBE5D2FC1AAE900F9EAD9 /* RX_Lab5Tests.swift in Sources */,
			);
			runOnlyForDeploymentPostprocessing = 0;
		};
		BA7EBE5E2FC1AAE900F9EAD9 /* Sources */ = {
			isa = PBXSourcesBuildPhase;
			buildActionMask = 2147483647;
			files = (
				BA7EBE692FC1AAE900F9EAD9 /* RX_Lab5UITestsLaunchTests.swift in Sources */,
				BA7EBE672FC1AAE900F9EAD9 /* RX_Lab5UITests.swift in Sources */,
			);
			runOnlyForDeploymentPostprocessing = 0;
		};
/* End PBXSourcesBuildPhase section */

/* Begin PBXTargetDependency section */
		BA7EBE5A2FC1AAE900F9EAD9 /* PBXTargetDependency */ = {
			isa = PBXTargetDependency;
			target = BA7EBE3E2FC1AAE700F9EAD9 /* RX-Lab5 */;
			targetProxy = BA7EBE592FC1AAE900F9EAD9 /* PBXContainerItemProxy */;
		};
		BA7EBE642FC1AAE900F9EAD9 /* PBXTargetDependency */ = {
			isa = PBXTargetDependency;
			target = BA7EBE3E2FC1AAE700F9EAD9 /* RX-Lab5 */;
			targetProxy = BA7EBE632FC1AAE900F9EAD9 /* PBXContainerItemProxy */;
		};
/* End PBXTargetDependency section */

/* Begin PBXVariantGroup section */
		BA7EBE482FC1AAE700F9EAD9 /* Main.storyboard */ = {
			isa = PBXVariantGroup;
			children = (
				BA7EBE492FC1AAE700F9EAD9 /* Base */,
			);
			name = Main.storyboard;
			sourceTree = "<group>";
		};
		BA7EBE502FC1AAE900F9EAD9 /* LaunchScreen.storyboard */ = {
			isa = PBXVariantGroup;
			children = (
				BA7EBE512FC1AAE900F9EAD9 /* Base */,
			);
			name = LaunchScreen.storyboard;
			sourceTree = "<group>";
		};
/* End PBXVariantGroup section */

/* Begin XCBuildConfiguration section */
		BA7EBE6A2FC1AAE900F9EAD9 /* Debug */ = {
			isa = XCBuildConfiguration;
			buildSettings = {
				ALWAYS_SEARCH_USER_PATHS = NO;
				CLANG_ANALYZER_NONNULL = YES;
				CLANG_ANALYZER_NUMBER_OBJECT_CONVERSION = YES_AGGRESSIVE;
				CLANG_CXX_LANGUAGE_STANDARD = "gnu++20";
				CLANG_ENABLE_MODULES = YES;
				CLANG_ENABLE_OBJC_ARC = YES;
				CLANG_ENABLE_OBJC_WEAK = YES;
				CLANG_WARN_BLOCK_CAPTURE_AUTORELEASING = YES;
				CLANG_WARN_BOOL_CONVERSION = YES;
				CLANG_WARN_COMMA = YES;
				CLANG_WARN_CONSTANT_CONVERSION = YES;
				CLANG_WARN_DEPRECATED_OBJC_IMPLEMENTATIONS = YES;
				CLANG_WARN_DIRECT_OBJC_ISA_USAGE = YES_ERROR;
				CLANG_WARN_DOCUMENTATION_COMMENTS = YES;
				CLANG_WARN_EMPTY_BODY = YES;
				CLANG_WARN_ENUM_CONVERSION = YES;
				CLANG_WARN_INFINITE_RECURSION = YES;
				CLANG_WARN_INT_CONVERSION = YES;
				CLANG_WARN_NON_LITERAL_NULL_CONVERSION = YES;
				CLANG_WARN_OBJC_IMPLICIT_RETAIN_SELF = YES;
				CLANG_WARN_OBJC_LITERAL_CONVERSION = YES;
				CLANG_WARN_OBJC_ROOT_CLASS = YES_ERROR;
				CLANG_WARN_QUOTED_INCLUDE_IN_FRAMEWORK_HEADER = YES;
				CLANG_WARN_RANGE_LOOP_ANALYSIS = YES;
				CLANG_WARN_STRICT_PROTOTYPES = YES;
				CLANG_WARN_SUSPICIOUS_MOVE = YES;
				CLANG_WARN_UNGUARDED_AVAILABILITY = YES_AGGRESSIVE;
				CLANG_WARN_UNREACHABLE_CODE = YES;
				CLANG_WARN__DUPLICATE_METHOD_MATCH = YES;
				COPY_PHASE_STRIP = NO;
				DEBUG_INFORMATION_FORMAT = dwarf;
				ENABLE_STRICT_OBJC_MSGSEND = YES;
				ENABLE_TESTABILITY = YES;
				GCC_C_LANGUAGE_STANDARD = gnu11;
				GCC_DYNAMIC_NO_PIC = NO;
				GCC_NO_COMMON_BLOCKS = YES;
				GCC_OPTIMIZATION_LEVEL = 0;
				GCC_PREPROCESSOR_DEFINITIONS = (
					"DEBUG=1",
					"$(inherited)",
				);
				GCC_WARN_64_TO_32_BIT_CONVERSION = YES;
				GCC_WARN_ABOUT_RETURN_TYPE = YES_ERROR;
				GCC_WARN_UNDECLARED_SELECTOR = YES;
				GCC_WARN_UNINITIALIZED_AUTOS = YES_AGGRESSIVE;
				GCC_WARN_UNUSED_FUNCTION = YES;
				GCC_WARN_UNUSED_VARIABLE = YES;
				IPHONEOS_DEPLOYMENT_TARGET = 16.4;
				MTL_ENABLE_DEBUG_INFO = INCLUDE_SOURCE;
				MTL_FAST_MATH = YES;
				ONLY_ACTIVE_ARCH = YES;
				SDKROOT = iphoneos;
				SWIFT_ACTIVE_COMPILATION_CONDITIONS = DEBUG;
				SWIFT_OPTIMIZATION_LEVEL = "-Onone";
			};
			name = Debug;
		};
		BA7EBE6B2FC1AAE900F9EAD9 /* Release */ = {
			isa = XCBuildConfiguration;
			buildSettings = {
				ALWAYS_SEARCH_USER_PATHS = NO;
				CLANG_ANALYZER_NONNULL = YES;
				CLANG_ANALYZER_NUMBER_OBJECT_CONVERSION = YES_AGGRESSIVE;
				CLANG_CXX_LANGUAGE_STANDARD = "gnu++20";
				CLANG_ENABLE_MODULES = YES;
				CLANG_ENABLE_OBJC_ARC = YES;
				CLANG_ENABLE_OBJC_WEAK = YES;
				CLANG_WARN_BLOCK_CAPTURE_AUTORELEASING = YES;
				CLANG_WARN_BOOL_CONVERSION = YES;
				CLANG_WARN_COMMA = YES;
				CLANG_WARN_CONSTANT_CONVERSION = YES;
				CLANG_WARN_DEPRECATED_OBJC_IMPLEMENTATIONS = YES;
				CLANG_WARN_DIRECT_OBJC_ISA_USAGE = YES_ERROR;
				CLANG_WARN_DOCUMENTATION_COMMENTS = YES;
				CLANG_WARN_EMPTY_BODY = YES;
				CLANG_WARN_ENUM_CONVERSION = YES;
				CLANG_WARN_INFINITE_RECURSION = YES;
				CLANG_WARN_INT_CONVERSION = YES;
				CLANG_WARN_NON_LITERAL_NULL_CONVERSION = YES;
				CLANG_WARN_OBJC_IMPLICIT_RETAIN_SELF = YES;
				CLANG_WARN_OBJC_LITERAL_CONVERSION = YES;
				CLANG_WARN_OBJC_ROOT_CLASS = YES_ERROR;
				CLANG_WARN_QUOTED_INCLUDE_IN_FRAMEWORK_HEADER = YES;
				CLANG_WARN_RANGE_LOOP_ANALYSIS = YES;
				CLANG_WARN_STRICT_PROTOTYPES = YES;
				CLANG_WARN_SUSPICIOUS_MOVE = YES;
				CLANG_WARN_UNGUARDED_AVAILABILITY = YES_AGGRESSIVE;
				CLANG_WARN_UNREACHABLE_CODE = YES;
				CLANG_WARN__DUPLICATE_METHOD_MATCH = YES;
				COPY_PHASE_STRIP = NO;
				DEBUG_INFORMATION_FORMAT = "dwarf-with-dsym";
				ENABLE_NS_ASSERTIONS = NO;
				ENABLE_STRICT_OBJC_MSGSEND = YES;
				GCC_C_LANGUAGE_STANDARD = gnu11;
				GCC_NO_COMMON_BLOCKS = YES;
				GCC_WARN_64_TO_32_BIT_CONVERSION = YES;
				GCC_WARN_ABOUT_RETURN_TYPE = YES_ERROR;
				GCC_WARN_UNDECLARED_SELECTOR = YES;
				GCC_WARN_UNINITIALIZED_AUTOS = YES_AGGRESSIVE;
				GCC_WARN_UNUSED_FUNCTION = YES;
				GCC_WARN_UNUSED_VARIABLE = YES;
				IPHONEOS_DEPLOYMENT_TARGET = 16.4;
				MTL_ENABLE_DEBUG_INFO = NO;
				MTL_FAST_MATH = YES;
				SDKROOT = iphoneos;
				SWIFT_COMPILATION_MODE = wholemodule;
				SWIFT_OPTIMIZATION_LEVEL = "-O";
				VALIDATE_PRODUCT = YES;
			};
			name = Release;
		};
		BA7EBE6D2FC1AAE900F9EAD9 /* Debug */ = {
			isa = XCBuildConfiguration;
			buildSettings = {
				ASSETCATALOG_COMPILER_APPICON_NAME = AppIcon;
				ASSETCATALOG_COMPILER_GLOBAL_ACCENT_COLOR_NAME = AccentColor;
				CODE_SIGN_STYLE = Automatic;
				CURRENT_PROJECT_VERSION = 1;
				GENERATE_INFOPLIST_FILE = YES;
				INFOPLIST_FILE = "RX-Lab5/Info.plist";
				INFOPLIST_KEY_UIApplicationSupportsIndirectInputEvents = YES;
				INFOPLIST_KEY_UILaunchStoryboardName = LaunchScreen;
				INFOPLIST_KEY_UIMainStoryboardFile = Main;
				INFOPLIST_KEY_UISupportedInterfaceOrientations_iPad = "UIInterfaceOrientationPortrait UIInterfaceOrientationPortraitUpsideDown UIInterfaceOrientationLandscapeLeft UIInterfaceOrientationLandscapeRight";
				INFOPLIST_KEY_UISupportedInterfaceOrientations_iPhone = "UIInterfaceOrientationPortrait UIInterfaceOrientationLandscapeLeft UIInterfaceOrientationLandscapeRight";
				LD_RUNPATH_SEARCH_PATHS = (
					"$(inherited)",
					"@executable_path/Frameworks",
				);
				MARKETING_VERSION = 1.0;
				PRODUCT_BUNDLE_IDENTIFIER = "esraa.RX-Lab5";
				PRODUCT_NAME = "$(TARGET_NAME)";
				SWIFT_EMIT_LOC_STRINGS = YES;
				SWIFT_VERSION = 5.0;
				TARGETED_DEVICE_FAMILY = "1,2";
			};
			name = Debug;
		};
		BA7EBE6E2FC1AAE900F9EAD9 /* Release */ = {
			isa = XCBuildConfiguration;
			buildSettings = {
				ASSETCATALOG_COMPILER_APPICON_NAME = AppIcon;
				ASSETCATALOG_COMPILER_GLOBAL_ACCENT_COLOR_NAME = AccentColor;
				CODE_SIGN_STYLE = Automatic;
				CURRENT_PROJECT_VERSION = 1;
				GENERATE_INFOPLIST_FILE = YES;
				INFOPLIST_FILE = "RX-Lab5/Info.plist";
				INFOPLIST_KEY_UIApplicationSupportsIndirectInputEvents = YES;
				INFOPLIST_KEY_UILaunchStoryboardName = LaunchScreen;
				INFOPLIST_KEY_UIMainStoryboardFile = Main;
				INFOPLIST_KEY_UISupportedInterfaceOrientations_iPad = "UIInterfaceOrientationPortrait UIInterfaceOrientationPortraitUpsideDown UIInterfaceOrientationLandscapeLeft UIInterfaceOrientationLandscapeRight";
				INFOPLIST_KEY_UISupportedInterfaceOrientations_iPhone = "UIInterfaceOrientationPortrait UIInterfaceOrientationLandscapeLeft UIInterfaceOrientationLandscapeRight";
				LD_RUNPATH_SEARCH_PATHS = (
					"$(inherited)",
					"@executable_path/Frameworks",
				);
				MARKETING_VERSION = 1.0;
				PRODUCT_BUNDLE_IDENTIFIER = "esraa.RX-Lab5";
				PRODUCT_NAME = "$(TARGET_NAME)";
				SWIFT_EMIT_LOC_STRINGS = YES;
				SWIFT_VERSION = 5.0;
				TARGETED_DEVICE_FAMILY = "1,2";
			};
			name = Release;
		};
		BA7EBE702FC1AAE900F9EAD9 /* Debug */ = {
			isa = XCBuildConfiguration;
			buildSettings = {
				ALWAYS_EMBED_SWIFT_STANDARD_LIBRARIES = YES;
				BUNDLE_LOADER = "$(TEST_HOST)";
				CODE_SIGN_STYLE = Automatic;
				CURRENT_PROJECT_VERSION = 1;
				GENERATE_INFOPLIST_FILE = YES;
				IPHONEOS_DEPLOYMENT_TARGET = 16.4;
				MARKETING_VERSION = 1.0;
				PRODUCT_BUNDLE_IDENTIFIER = "esraa.RX-Lab5Tests";
				PRODUCT_NAME = "$(TARGET_NAME)";
				SWIFT_EMIT_LOC_STRINGS = NO;
				SWIFT_VERSION = 5.0;
				TARGETED_DEVICE_FAMILY = "1,2";
				TEST_HOST = "$(BUILT_PRODUCTS_DIR)/RX-Lab5.app/$(BUNDLE_EXECUTABLE_FOLDER_PATH)/RX-Lab5";
			};
			name = Debug;
		};
		BA7EBE712FC1AAE900F9EAD9 /* Release */ = {
			isa = XCBuildConfiguration;
			buildSettings = {
				ALWAYS_EMBED_SWIFT_STANDARD_LIBRARIES = YES;
				BUNDLE_LOADER = "$(TEST_HOST)";
				CODE_SIGN_STYLE = Automatic;
				CURRENT_PROJECT_VERSION = 1;
				GENERATE_INFOPLIST_FILE = YES;
				IPHONEOS_DEPLOYMENT_TARGET = 16.4;
				MARKETING_VERSION = 1.0;
				PRODUCT_BUNDLE_IDENTIFIER = "esraa.RX-Lab5Tests";
				PRODUCT_NAME = "$(TARGET_NAME)";
				SWIFT_EMIT_LOC_STRINGS = NO;
				SWIFT_VERSION = 5.0;
				TARGETED_DEVICE_FAMILY = "1,2";
				TEST_HOST = "$(BUILT_PRODUCTS_DIR)/RX-Lab5.app/$(BUNDLE_EXECUTABLE_FOLDER_PATH)/RX-Lab5";
			};
			name = Release;
		};
		BA7EBE732FC1AAE900F9EAD9 /* Debug */ = {
			isa = XCBuildConfiguration;
			buildSettings = {
				ALWAYS_EMBED_SWIFT_STANDARD_LIBRARIES = YES;
				CODE_SIGN_STYLE = Automatic;
				CURRENT_PROJECT_VERSION = 1;
				GENERATE_INFOPLIST_FILE = YES;
				MARKETING_VERSION = 1.0;
				PRODUCT_BUNDLE_IDENTIFIER = "esraa.RX-Lab5UITests";
				PRODUCT_NAME = "$(TARGET_NAME)";
				SWIFT_EMIT_LOC_STRINGS = NO;
				SWIFT_VERSION = 5.0;
				TARGETED_DEVICE_FAMILY = "1,2";
				TEST_TARGET_NAME = "RX-Lab5";
			};
			name = Debug;
		};
		BA7EBE742FC1AAE900F9EAD9 /* Release */ = {
			isa = XCBuildConfiguration;
			buildSettings = {
				ALWAYS_EMBED_SWIFT_STANDARD_LIBRARIES = YES;
				CODE_SIGN_STYLE = Automatic;
				CURRENT_PROJECT_VERSION = 1;
				GENERATE_INFOPLIST_FILE = YES;
				MARKETING_VERSION = 1.0;
				PRODUCT_BUNDLE_IDENTIFIER = "esraa.RX-Lab5UITests";
				PRODUCT_NAME = "$(TARGET_NAME)";
				SWIFT_EMIT_LOC_STRINGS = NO;
				SWIFT_VERSION = 5.0;
				TARGETED_DEVICE_FAMILY = "1,2";
				TEST_TARGET_NAME = "RX-Lab5";
			};
			name = Release;
		};
/* End XCBuildConfiguration section */

/* Begin XCConfigurationList section */
		BA7EBE3A2FC1AAE700F9EAD9 /* Build configuration list for PBXProject "RX-Lab5" */ = {
			isa = XCConfigurationList;
			buildConfigurations = (
				BA7EBE6A2FC1AAE900F9EAD9 /* Debug */,
				BA7EBE6B2FC1AAE900F9EAD9 /* Release */,
			);
			defaultConfigurationIsVisible = 0;
			defaultConfigurationName = Release;
		};
		BA7EBE6C2FC1AAE900F9EAD9 /* Build configuration list for PBXNativeTarget "RX-Lab5" */ = {
			isa = XCConfigurationList;
			buildConfigurations = (
				BA7EBE6D2FC1AAE900F9EAD9 /* Debug */,
				BA7EBE6E2FC1AAE900F9EAD9 /* Release */,
			);
			defaultConfigurationIsVisible = 0;
			defaultConfigurationName = Release;
		};
		BA7EBE6F2FC1AAE900F9EAD9 /* Build configuration list for PBXNativeTarget "RX-Lab5Tests" */ = {
			isa = XCConfigurationList;
			buildConfigurations = (
				BA7EBE702FC1AAE900F9EAD9 /* Debug */,
				BA7EBE712FC1AAE900F9EAD9 /* Release */,
			);
			defaultConfigurationIsVisible = 0;
			defaultConfigurationName = Release;
		};
		BA7EBE722FC1AAE900F9EAD9 /* Build configuration list for PBXNativeTarget "RX-Lab5UITests" */ = {
			isa = XCConfigurationList;
			buildConfigurations = (
				BA7EBE732FC1AAE900F9EAD9 /* Debug */,
				BA7EBE742FC1AAE900F9EAD9 /* Release */,
			);
			defaultConfigurationIsVisible = 0;
			defaultConfigurationName = Release;
		};
/* End XCConfigurationList section */

/* Begin XCVersionGroup section */
		BA7EBE4B2FC1AAE700F9EAD9 /* RX_Lab5.xcdatamodeld */ = {
			isa = XCVersionGroup;
			children = (
				BA7EBE4C2FC1AAE700F9EAD9 /* RX_Lab5.xcdatamodel */,
			);
			currentVersion = BA7EBE4C2FC1AAE700F9EAD9 /* RX_Lab5.xcdatamodel */;
			path = RX_Lab5.xcdatamodeld;
			sourceTree = "<group>";
			versionGroupType = wrapper.xcdatamodel;
		};
/* End XCVersionGroup section */
	};
	rootObject = BA7EBE372FC1AAE700F9EAD9 /* Project object */;
}
